
Microsoft Visual Studio Solution File, Format Version 12.00
# Visual Studio 15
VisualStudioVersion = 15.0.27004.2002
MinimumVisualStudioVersion = 10.0.40219.1
Project("{2150E333-8FDC-42A3-9474-1A3956D46DE8}") = "Docs", "Docs", "{AF03F95C-715C-4238-91D3-7EE9148398B2}"
EndProject
Project("{2150E333-8FDC-42A3-9474-1A3956D46DE8}") = "Sources", "Sources", "{99D5465E-0DF3-4F1C-82AE-D50AC0F5E4C5}"
EndProject
Project("{2150E333-8FDC-42A3-9474-1A3956D46DE8}") = "Tests", "Tests", "{83C97667-78DB-4306-879C-33A029ECD296}"
EndProject
Project("{FAE04EC0-301F-11D3-BF4B-00C04F79EFBC}") = "Axis.Crux.MSBuildTarget", "Axis.Crux.MSBuildTarget\Axis.Crux.MSBuildTarget.csproj", "{319DE5CE-4BF6-4E6F-8334-BD6161198602}"
EndProject
Project("{FAE04EC0-301F-11D3-BF4B-00C04F79EFBC}") = "Axis.Crux.BranchVersioner", "Axis.Crux.BranchVersioner\Axis.Crux.BranchVersioner.csproj", "{0451BAEF-DF2E-4B98-8644-94EE9415E389}"
EndProject
Project("{FAE04EC0-301F-11D3-BF4B-00C04F79EFBC}") = "Axis.Crux.Test", "Axis.Crux.Test\Axis.Crux.Test.csproj", "{334721FD-2B36-4707-BB32-A4E458377A6F}"
EndProject
Global
	GlobalSection(SolutionConfigurationPlatforms) = preSolution
		Debug|Any CPU = Debug|Any CPU
		Release|Any CPU = Release|Any CPU
	EndGlobalSection
	GlobalSection(ProjectConfigurationPlatforms) = postSolution
		{319DE5CE-4BF6-4E6F-8334-BD6161198602}.Debug|Any CPU.ActiveCfg = Debug|Any CPU
		{319DE5CE-4BF6-4E6F-8334-BD6161198602}.Debug|Any CPU.Build.0 = Debug|Any CPU
		{319DE5CE-4BF6-4E6F-8334-BD6161198602}.Release|Any CPU.ActiveCfg = Release|Any CPU
		{319DE5CE-4BF6-4E6F-8334-BD6161198602}.Release|Any CPU.Build.0 = Release|Any CPU
		{0451BAEF-DF2E-4B98-8644-94EE9415E389}.Debug|Any CPU.ActiveCfg = Debug|Any CPU
		{0451BAEF-DF2E-4B98-8644-94EE9415E389}.Debug|Any CPU.Build.0 = Debug|Any CPU
		{0451BAEF-DF2E-4B98-8644-94EE9415E389}.Release|Any CPU.ActiveCfg = Release|Any CPU
		{0451BAEF-DF2E-4B98-8644-94EE9415E389}.Release|Any CPU.Build.0 = Release|Any CPU
		{334721FD-2B36-4707-BB32-A4E458377A6F}.Debug|Any CPU.ActiveCfg = Debug|Any CPU
		{334721FD-2B36-4707-BB32-A4E458377A6F}.Debug|Any CPU.Build.0 = Debug|Any CPU
		{334721FD-2B36-4707-BB32-A4E458377A6F}.Release|Any CPU.ActiveCfg = Release|Any CPU
		{334721FD-2B36-4707-BB32-A4E458377A6F}.Release|Any CPU.Build.0 = Release|Any CPU
	EndGlobalSection
	GlobalSection(SolutionProperties) = preSolution
		HideSolutionNode = FALSE
	EndGlobalSection
	GlobalSection(NestedProjects) = preSolution
		{319DE5CE-4BF6-4E6F-8334-BD6161198602} = {99D5465E-0DF3-4F1C-82AE-D50AC0F5E4C5}
		{0451BAEF-DF2E-4B98-8644-94EE9415E389} = {99D5465E-0DF3-4F1C-82AE-D50AC0F5E4C5}
		{334721FD-2B36-4707-BB32-A4E458377A6F} = {83C97667-78DB-4306-879C-33A029ECD296}
	EndGlobalSection
	GlobalSection(ExtensibilityGlobals) = postSolution
		SolutionGuid = {EAD56948-F7DC-4F6C-A87A-B8833729AB31}
	EndGlobalSection
EndGlobal
